// !$*UTF8*$!
{
	archiveVersion = 1;
	classes = {
	};
	objectVersion = 56;
	objects = {

/* Begin PBXBuildFile section */
		30C77C2228DF1B8A003F2FF6 /* ContactListSwiftUIApp.swift in Sources */ = {isa = PBXBuildFile; fileRef = 30C77C2128DF1B8A003F2FF6 /* ContactListSwiftUIApp.swift */; };
		30C77C2428DF1B8A003F2FF6 /* ContentView.swift in Sources */ = {isa = PBXBuildFile; fileRef = 30C77C2328DF1B8A003F2FF6 /* ContentView.swift */; };
		30C77C2628DF1B8C003F2FF6 /* Assets.xcassets in Resources */ = {isa = PBXBuildFile; fileRef = 30C77C2528DF1B8C003F2FF6 /* Assets.xcassets */; };
		30C77C2928DF1B8C003F2FF6 /* Preview Assets.xcassets in Resources */ = {isa = PBXBuildFile; fileRef = 30C77C2828DF1B8C003F2FF6 /* Preview Assets.xcassets */; };
		30C77C3028DF1C71003F2FF6 /* DataStore.swift in Sources */ = {isa = PBXBuildFile; fileRef = 30C77C2F28DF1C71003F2FF6 /* DataStore.swift */; };
		30C77C3428DF25A7003F2FF6 /* ContactListView.swift in Sources */ = {isa = PBXBuildFile; fileRef = 30C77C3328DF25A7003F2FF6 /* ContactListView.swift */; };
		30C77C3628DF25DC003F2FF6 /* NumbersView.swift in Sources */ = {isa = PBXBuildFile; fileRef = 30C77C3528DF25DC003F2FF6 /* NumbersView.swift */; };
		30C77C3828DF46BB003F2FF6 /*  Person.swift in Sources */ = {isa = PBXBuildFile; fileRef = 30C77C3728DF46BB003F2FF6 /*  Person.swift */; };
		30C77C3A28DF5D1B003F2FF6 /* ContactsDetailView.swift in Sources */ = {isa = PBXBuildFile; fileRef = 30C77C3928DF5D1B003F2FF6 /* ContactsDetailView.swift */; };
/* End PBXBuildFile section */

/* Begin PBXFileReference section */
		30C77C1E28DF1B8A003F2FF6 /* ContactListSwiftUI.app */ = {isa = PBXFileReference; explicitFileType = wrapper.application; includeInIndex = 0; path = ContactListSwiftUI.app; sourceTree = BUILT_PRODUCTS_DIR; };
		30C77C2128DF1B8A003F2FF6 /* ContactListSwiftUIApp.swift */ = {isa = PBXFileReference; lastKnownFileType = sourcecode.swift; path = ContactListSwiftUIApp.swift; sourceTree = "<group>"; };
		30C77C2328DF1B8A003F2FF6 /* ContentView.swift */ = {isa = PBXFileReference; lastKnownFileType = sourcecode.swift; path = ContentView.swift; sourceTree = "<group>"; };
		30C77C2528DF1B8C003F2FF6 /* Assets.xcassets */ = {isa = PBXFileReference; lastKnownFileType = folder.assetcatalog; path = Assets.xcassets; sourceTree = "<group>"; };
		30C77C2828DF1B8C003F2FF6 /* Preview Assets.xcassets */ = {isa = PBXFileReference; lastKnownFileType = folder.assetcatalog; path = "Preview Assets.xcassets"; sourceTree = "<group>"; };
		30C77C2F28DF1C71003F2FF6 /* DataStore.swift */ = {isa = PBXFileReference; lastKnownFileType = sourcecode.swift; path = DataStore.swift; sourceTree = "<group>"; };
		30C77C3328DF25A7003F2FF6 /* ContactListView.swift */ = {isa = PBXFileReference; lastKnownFileType = sourcecode.swift; path = ContactListView.swift; sourceTree = "<group>"; };
		30C77C3528DF25DC003F2FF6 /* NumbersView.swift */ = {isa = PBXFileReference; lastKnownFileType = sourcecode.swift; path = NumbersView.swift; sourceTree = "<group>"; };
		30C77C3728DF46BB003F2FF6 /*  Person.swift */ = {isa = PBXFileReference; lastKnownFileType = sourcecode.swift; path = " Person.swift"; sourceTree = "<group>"; };
		30C77C3928DF5D1B003F2FF6 /* ContactsDetailView.swift */ = {isa = PBXFileReference; lastKnownFileType = sourcecode.swift; path = ContactsDetailView.swift; sourceTree = "<group>"; };
/* End PBXFileReference section */

/* Begin PBXFrameworksBuildPhase section */
		30C77C1B28DF1B8A003F2FF6 /* Frameworks */ = {
			isa = PBXFrameworksBuildPhase;
			buildActionMask = 2147483647;
			files = (
			);
			runOnlyForDeploymentPostprocessing = 0;
		};
/* End PBXFrameworksBuildPhase section */

/* Begin PBXGroup section */
		30046803292E57F4004335E9 /* Views */ = {
			isa = PBXGroup;
			children = (
				30C77C2328DF1B8A003F2FF6 /* ContentView.swift */,
				30C77C3328DF25A7003F2FF6 /* ContactListView.swift */,
				30C77C3928DF5D1B003F2FF6 /* ContactsDetailView.swift */,
				30C77C3528DF25DC003F2FF6 /* NumbersView.swift */,
			);
			path = Views;
			sourceTree = "<group>";
		};
		30C77C1528DF1B8A003F2FF6 = {
			isa = PBXGroup;
			children = (
				30C77C2028DF1B8A003F2FF6 /* ContactListSwiftUI */,
				30C77C1F28DF1B8A003F2FF6 /* Products */,
			);
			sourceTree = "<group>";
		};
		30C77C1F28DF1B8A003F2FF6 /* Products */ = {
			isa = PBXGroup;
			children = (
				30C77C1E28DF1B8A003F2FF6 /* ContactListSwiftUI.app */,
			);
			name = Products;
			sourceTree = "<group>";
		};
		30C77C2028DF1B8A003F2FF6 /* ContactListSwiftUI */ = {
			isa = PBXGroup;
			children = (
				30C77C2128DF1B8A003F2FF6 /* ContactListSwiftUIApp.swift */,
				30046803292E57F4004335E9 /* Views */,
				30C77C3228DF1F21003F2FF6 /* DataStore */,
				30C77C3128DF1D9A003F2FF6 /* Models */,
				30C77C2528DF1B8C003F2FF6 /* Assets.xcassets */,
				30C77C2728DF1B8C003F2FF6 /* Preview Content */,
			);
			path = ContactListSwiftUI;
			sourceTree = "<group>";
		};
		30C77C2728DF1B8C003F2FF6 /* Preview Content */ = {
			isa = PBXGroup;
			children = (
				30C77C2828DF1B8C003F2FF6 /* Preview Assets.xcassets */,
			);
			path = "Preview Content";
			sourceTree = "<group>";
		};
		30C77C3128DF1D9A003F2FF6 /* Models */ = {
			isa = PBXGroup;
			children = (
				30C77C3728DF46BB003F2FF6 /*  Person.swift */,
			);
			path = Models;
			sourceTree = "<group>";
		};
		30C77C3228DF1F21003F2FF6 /* DataStore */ = {
			isa = PBXGroup;
			children = (
				30C77C2F28DF1C71003F2FF6 /* DataStore.swift */,
			);
			path = DataStore;
			sourceTree = "<group>";
		};
/* End PBXGroup section */

/* Begin PBXNativeTarget section */
		30C77C1D28DF1B8A003F2FF6 /* ContactListSwiftUI */ = {
			isa = PBXNativeTarget;
			buildConfigurationList = 30C77C2C28DF1B8C003F2FF6 /* Build configuration list for PBXNativeTarget "ContactListSwiftUI" */;
			buildPhases = (
				30C77C1A28DF1B8A003F2FF6 /* Sources */,
				30C77C1B28DF1B8A003F2FF6 /* Frameworks */,
				30C77C1C28DF1B8A003F2FF6 /* Resources */,
			);
			buildRules = (
			);
			dependencies = (
			);
			name = ContactListSwiftUI;
			productName = ContactListSwiftUI;
			productReference = 30C77C1E28DF1B8A003F2FF6 /* ContactListSwiftUI.app */;
			productType = "com.apple.product-type.application";
		};
/* End PBXNativeTarget section */

/* Begin PBXProject section */
		30C77C1628DF1B8A003F2FF6 /* Project object */ = {
			isa = PBXProject;
			attributes = {
				BuildIndependentTargetsInParallel = 1;
				LastSwiftUpdateCheck = 1400;
				LastUpgradeCheck = 1400;
				TargetAttributes = {
					30C77C1D28DF1B8A003F2FF6 = {
						CreatedOnToolsVersion = 14.0;
					};
				};
			};
			buildConfigurationList = 30C77C1928DF1B8A003F2FF6 /* Build configuration list for PBXProject "ContactListSwiftUI" */;
			compatibilityVersion = "Xcode 14.0";
			developmentRegion = en;
			hasScannedForEncodings = 0;
			knownRegions = (
				en,
				Base,
			);
			mainGroup = 30C77C1528DF1B8A003F2FF6;
			productRefGroup = 30C77C1F28DF1B8A003F2FF6 /* Products */;
			projectDirPath = "";
			projectRoot = "";
			targets = (
				30C77C1D28DF1B8A003F2FF6 /* ContactListSwiftUI */,
			);
		};
/* End PBXProject section */

/* Begin PBXResourcesBuildPhase section */
		30C77C1C28DF1B8A003F2FF6 /* Resources */ = {
			isa = PBXResourcesBuildPhase;
			buildActionMask = 2147483647;
			files = (
				30C77C2928DF1B8C003F2FF6 /* Preview Assets.xcassets in Resources */,
				30C77C2628DF1B8C003F2FF6 /* Assets.xcassets in Resources */,
			);
			runOnlyForDeploymentPostprocessing = 0;
		};
/* End PBXResourcesBuildPhase section */

/* Begin PBXSourcesBuildPhase section */
		30C77C1A28DF1B8A003F2FF6 /* Sources */ = {
			isa = PBXSourcesBuildPhase;
			buildActionMask = 2147483647;
			files = (
				30C77C3028DF1C71003F2FF6 /* DataStore.swift in Sources */,
				30C77C3828DF46BB003F2FF6 /*  Person.swift in Sources */,
				30C77C3628DF25DC003F2FF6 /* NumbersView.swift in Sources */,
				30C77C2428DF1B8A003F2FF6 /* ContentView.swift in Sources */,
				30C77C3A28DF5D1B003F2FF6 /* ContactsDetailView.swift in Sources */,
				30C77C2228DF1B8A003F2FF6 /* ContactListSwiftUIApp.swift in Sources */,
				30C77C3428DF25A7003F2FF6 /* ContactListView.swift in Sources */,
			);
			runOnlyForDeploymentPostprocessing = 0;
		};
/* End PBXSourcesBuildPhase section */

/* Begin XCBuildConfiguration section */
		30C77C2A28DF1B8C003F2FF6 /* Debug */ = {
			isa = XCBuildConfiguration;
			buildSettings = {
				ALWAYS_SEARCH_USER_PATHS = NO;
				CLANG_ANALYZER_NONNULL = YES;
				CLANG_ANALYZER_NUMBER_OBJECT_CONVERSION = YES_AGGRESSIVE;
				CLANG_CXX_LANGUAGE_STANDARD = "gnu++20";
				CLANG_ENABLE_MODULES = YES;
				CLANG_ENABLE_OBJC_ARC = YES;
				CLANG_ENABLE_OBJC_WEAK = YES;
				CLANG_WARN_BLOCK_CAPTURE_AUTORELEASING = YES;
				CLANG_WARN_BOOL_CONVERSION = YES;
				CLANG_WARN_COMMA = YES;
				CLANG_WARN_CONSTANT_CONVERSION = YES;
				CLANG_WARN_DEPRECATED_OBJC_IMPLEMENTATIONS = YES;
				CLANG_WARN_DIRECT_OBJC_ISA_USAGE = YES_ERROR;
				CLANG_WARN_DOCUMENTATION_COMMENTS = YES;
				CLANG_WARN_EMPTY_BODY = YES;
				CLANG_WARN_ENUM_CONVERSION = YES;
				CLANG_WARN_INFINITE_RECURSION = YES;
				CLANG_WARN_INT_CONVERSION = YES;
				CLANG_WARN_NON_LITERAL_NULL_CONVERSION = YES;
				CLANG_WARN_OBJC_IMPLICIT_RETAIN_SELF = YES;
				CLANG_WARN_OBJC_LITERAL_CONVERSION = YES;
				CLANG_WARN_OBJC_ROOT_CLASS = YES_ERROR;
				CLANG_WARN_QUOTED_INCLUDE_IN_FRAMEWORK_HEADER = YES;
				CLANG_WARN_RANGE_LOOP_ANALYSIS = YES;
				CLANG_WARN_STRICT_PROTOTYPES = YES;
				CLANG_WARN_SUSPICIOUS_MOVE = YES;
				CLANG_WARN_UNGUARDED_AVAILABILITY = YES_AGGRESSIVE;
				CLANG_WARN_UNREACHABLE_CODE = YES;
				CLANG_WARN__DUPLICATE_METHOD_MATCH = YES;
				COPY_PHASE_STRIP = NO;
				DEBUG_INFORMATION_FORMAT = dwarf;
				ENABLE_STRICT_OBJC_MSGSEND = YES;
				ENABLE_TESTABILITY = YES;
				GCC_C_LANGUAGE_STANDARD = gnu11;
				GCC_DYNAMIC_NO_PIC = NO;
				GCC_NO_COMMON_BLOCKS = YES;
				GCC_OPTIMIZATION_LEVEL = 0;
				GCC_PREPROCESSOR_DEFINITIONS = (
					"DEBUG=1",
					"$(inherited)",
				);
				GCC_WARN_64_TO_32_BIT_CONVERSION = YES;
				GCC_WARN_ABOUT_RETURN_TYPE = YES_ERROR;
				GCC_WARN_UNDECLARED_SELECTOR = YES;
				GCC_WARN_UNINITIALIZED_AUTOS = YES_AGGRESSIVE;
				GCC_WARN_UNUSED_FUNCTION = YES;
				GCC_WARN_UNUSED_VARIABLE = YES;
				IPHONEOS_DEPLOYMENT_TARGET = 16.0;
				MTL_ENABLE_DEBUG_INFO = INCLUDE_SOURCE;
				MTL_FAST_MATH = YES;
				ONLY_ACTIVE_ARCH = YES;
				SDKROOT = iphoneos;
				SWIFT_ACTIVE_COMPILATION_CONDITIONS = DEBUG;
				SWIFT_OPTIMIZATION_LEVEL = "-Onone";
			};
			name = Debug;
		};
		30C77C2B28DF1B8C003F2FF6 /* Release */ = {
			isa = XCBuildConfiguration;
			buildSettings = {
				ALWAYS_SEARCH_USER_PATHS = NO;
				CLANG_ANALYZER_NONNULL = YES;
				CLANG_ANALYZER_NUMBER_OBJECT_CONVERSION = YES_AGGRESSIVE;
				CLANG_CXX_LANGUAGE_STANDARD = "gnu++20";
				CLANG_ENABLE_MODULES = YES;
				CLANG_ENABLE_OBJC_ARC = YES;
				CLANG_ENABLE_OBJC_WEAK = YES;
				CLANG_WARN_BLOCK_CAPTURE_AUTORELEASING = YES;
				CLANG_WARN_BOOL_CONVERSION = YES;
				CLANG_WARN_COMMA = YES;
				CLANG_WARN_CONSTANT_CONVERSION = YES;
				CLANG_WARN_DEPRECATED_OBJC_IMPLEMENTATIONS = YES;
				CLANG_WARN_DIRECT_OBJC_ISA_USAGE = YES_ERROR;
				CLANG_WARN_DOCUMENTATION_COMMENTS = YES;
				CLANG_WARN_EMPTY_BODY = YES;
				CLANG_WARN_ENUM_CONVERSION = YES;
				CLANG_WARN_INFINITE_RECURSION = YES;
				CLANG_WARN_INT_CONVERSION = YES;
				CLANG_WARN_NON_LITERAL_NULL_CONVERSION = YES;
				CLANG_WARN_OBJC_IMPLICIT_RETAIN_SELF = YES;
				CLANG_WARN_OBJC_LITERAL_CONVERSION = YES;
				CLANG_WARN_OBJC_ROOT_CLASS = YES_ERROR;
				CLANG_WARN_QUOTED_INCLUDE_IN_FRAMEWORK_HEADER = YES;
				CLANG_WARN_RANGE_LOOP_ANALYSIS = YES;
				CLANG_WARN_STRICT_PROTOTYPES = YES;
				CLANG_WARN_SUSPICIOUS_MOVE = YES;
				CLANG_WARN_UNGUARDED_AVAILABILITY = YES_AGGRESSIVE;
				CLANG_WARN_UNREACHABLE_CODE = YES;
				CLANG_WARN__DUPLICATE_METHOD_MATCH = YES;
				COPY_PHASE_STRIP = NO;
				DEBUG_INFORMATION_FORMAT = "dwarf-with-dsym";
				ENABLE_NS_ASSERTIONS = NO;
				ENABLE_STRICT_OBJC_MSGSEND = YES;
				GCC_C_LANGUAGE_STANDARD = gnu11;
				GCC_NO_COMMON_BLOCKS = YES;
				GCC_WARN_64_TO_32_BIT_CONVERSION = YES;
				GCC_WARN_ABOUT_RETURN_TYPE = YES_ERROR;
				GCC_WARN_UNDECLARED_SELECTOR = YES;
				GCC_WARN_UNINITIALIZED_AUTOS = YES_AGGRESSIVE;
				GCC_WARN_UNUSED_FUNCTION = YES;
				GCC_WARN_UNUSED_VARIABLE = YES;
				IPHONEOS_DEPLOYMENT_TARGET = 16.0;
				MTL_ENABLE_DEBUG_INFO = NO;
				MTL_FAST_MATH = YES;
				SDKROOT = iphoneos;
				SWIFT_COMPILATION_MODE = wholemodule;
				SWIFT_OPTIMIZATION_LEVEL = "-O";
				VALIDATE_PRODUCT = YES;
			};
			name = Release;
		};
		30C77C2D28DF1B8C003F2FF6 /* Debug */ = {
			isa = XCBuildConfiguration;
			buildSettings = {
				ASSETCATALOG_COMPILER_APPICON_NAME = AppIcon;
				ASSETCATALOG_COMPILER_GLOBAL_ACCENT_COLOR_NAME = AccentColor;
				CODE_SIGN_STYLE = Automatic;
				CURRENT_PROJECT_VERSION = 1;
				DEVELOPMENT_ASSET_PATHS = "\"ContactListSwiftUI/Preview Content\"";
				DEVELOPMENT_TEAM = M2L3X2RFT6;
				ENABLE_PREVIEWS = YES;
				GENERATE_INFOPLIST_FILE = YES;
				INFOPLIST_KEY_UIApplicationSceneManifest_Generation = YES;
				INFOPLIST_KEY_UIApplicationSupportsIndirectInputEvents = YES;
				INFOPLIST_KEY_UILaunchScreen_Generation = YES;
				INFOPLIST_KEY_UISupportedInterfaceOrientations_iPad = "UIInterfaceOrientationPortrait UIInterfaceOrientationPortraitUpsideDown UIInterfaceOrientationLandscapeLeft UIInterfaceOrientationLandscapeRight";
				INFOPLIST_KEY_UISupportedInterfaceOrientations_iPhone = "UIInterfaceOrientationPortrait UIInterfaceOrientationLandscapeLeft UIInterfaceOrientationLandscapeRight";
				LD_RUNPATH_SEARCH_PATHS = (
					"$(inherited)",
					"@executable_path/Frameworks",
				);
				MARKETING_VERSION = 1.0;
				PRODUCT_BUNDLE_IDENTIFIER = iKorobov.ContactListSwiftUI;
				PRODUCT_NAME = "$(TARGET_NAME)";
				SWIFT_EMIT_LOC_STRINGS = YES;
				SWIFT_VERSION = 5.0;
				TARGETED_DEVICE_FAMILY = "1,2";
			};
			name = Debug;
		};
		30C77C2E28DF1B8C003F2FF6 /* Release */ = {
			isa = XCBuildConfiguration;
			buildSettings = {
				ASSETCATALOG_COMPILER_APPICON_NAME = AppIcon;
				ASSETCATALOG_COMPILER_GLOBAL_ACCENT_COLOR_NAME = AccentColor;
				CODE_SIGN_STYLE = Automatic;
				CURRENT_PROJECT_VERSION = 1;
				DEVELOPMENT_ASSET_PATHS = "\"ContactListSwiftUI/Preview Content\"";
				DEVELOPMENT_TEAM = M2L3X2RFT6;
				ENABLE_PREVIEWS = YES;
				GENERATE_INFOPLIST_FILE = YES;
				INFOPLIST_KEY_UIApplicationSceneManifest_Generation = YES;
				INFOPLIST_KEY_UIApplicationSupportsIndirectInputEvents = YES;
				INFOPLIST_KEY_UILaunchScreen_Generation = YES;
				INFOPLIST_KEY_UISupportedInterfaceOrientations_iPad = "UIInterfaceOrientationPortrait UIInterfaceOrientationPortraitUpsideDown UIInterfaceOrientationLandscapeLeft UIInterfaceOrientationLandscapeRight";
				INFOPLIST_KEY_UISupportedInterfaceOrientations_iPhone = "UIInterfaceOrientationPortrait UIInterfaceOrientationLandscapeLeft UIInterfaceOrientationLandscapeRight";
				LD_RUNPATH_SEARCH_PATHS = (
					"$(inherited)",
					"@executable_path/Frameworks",
				);
				MARKETING_VERSION = 1.0;
				PRODUCT_BUNDLE_IDENTIFIER = iKorobov.ContactListSwiftUI;
				PRODUCT_NAME = "$(TARGET_NAME)";
				SWIFT_EMIT_LOC_STRINGS = YES;
				SWIFT_VERSION = 5.0;
				TARGETED_DEVICE_FAMILY = "1,2";
			};
			name = Release;
		};
/* End XCBuildConfiguration section */

/* Begin XCConfigurationList section */
		30C77C1928DF1B8A003F2FF6 /* Build configuration list for PBXProject "ContactListSwiftUI" */ = {
			isa = XCConfigurationList;
			buildConfigurations = (
				30C77C2A28DF1B8C003F2FF6 /* Debug */,
				30C77C2B28DF1B8C003F2FF6 /* Release */,
			);
			defaultConfigurationIsVisible = 0;
			defaultConfigurationName = Release;
		};
		30C77C2C28DF1B8C003F2FF6 /* Build configuration list for PBXNativeTarget "ContactListSwiftUI" */ = {
			isa = XCConfigurationList;
			buildConfigurations = (
				30C77C2D28DF1B8C003F2FF6 /* Debug */,
				30C77C2E28DF1B8C003F2FF6 /* Release */,
			);
			defaultConfigurationIsVisible = 0;
			defaultConfigurationName = Release;
		};
/* End XCConfigurationList section */
	};
	rootObject = 30C77C1628DF1B8A003F2FF6 /* Project object */;
}
